
Microsoft Visual Studio Solution File, Format Version 12.00
# Visual Studio 15
VisualStudioVersion = 15.0.27004.2005
MinimumVisualStudioVersion = 10.0.40219.1
Project("{FAE04EC0-301F-11D3-BF4B-00C04F79EFBC}") = "c-sharp-node-editor", "c-sharp-node-editor\c-sharp-node-editor.csproj", "{52298CC8-3BEE-4F9A-8125-CD699DA58509}"
EndProject
Global
	GlobalSection(SolutionConfigurationPlatforms) = preSolution
		Debug|Any CPU = Debug|Any CPU
		Release|Any CPU = Release|Any CPU
	EndGlobalSection
	GlobalSection(ProjectConfigurationPlatforms) = postSolution
		{52298CC8-3BEE-4F9A-8125-CD699DA58509}.Debug|Any CPU.ActiveCfg = Debug|Any CPU
		{52298CC8-3BEE-4F9A-8125-CD699DA58509}.Debug|Any CPU.Build.0 = Debug|Any CPU
		{52298CC8-3BEE-4F9A-8125-CD699DA58509}.Release|Any CPU.ActiveCfg = Release|Any CPU
		{52298CC8-3BEE-4F9A-8125-CD699DA58509}.Release|Any CPU.Build.0 = Release|Any CPU
	EndGlobalSection
	GlobalSection(SolutionProperties) = preSolution
		HideSolutionNode = FALSE
	EndGlobalSection
	GlobalSection(ExtensibilityGlobals) = postSolution
		SolutionGuid = {CF4B1DA1-1182-46E0-9EB6-B0A761359DAF}
	EndGlobalSection
EndGlobal
